<Solution>
  <Folder Name="/Core/">
    <Project Path="TaxChecker.Application/TaxChecker.Application.csproj" />
    <Project Path="TaxChecker.Domain/TaxChecker.Domain.csproj" />
  </Folder>
  <Project Path="TaxChecker.API/TaxChecker.API.csproj" />
  <Project Path="TaxChecker.Infrastructure/TaxChecker.Infrastructure.csproj" />
</Solution>
